// !$*UTF8*$!
{
	archiveVersion = 1;
	classes = {
	};
	objectVersion = 46;
	objects = {

/* Begin PBXBuildFile section */
		744BE5951D168A8700FEEAA9 /* AppDelegate.swift in Sources */ = {isa = PBXBuildFile; fileRef = 744BE5941D168A8700FEEAA9 /* AppDelegate.swift */; };
		744BE59C1D168A8700FEEAA9 /* Assets.xcassets in Resources */ = {isa = PBXBuildFile; fileRef = 744BE59B1D168A8700FEEAA9 /* Assets.xcassets */; };
		744BE59F1D168A8700FEEAA9 /* LaunchScreen.storyboard in Resources */ = {isa = PBXBuildFile; fileRef = 744BE59D1D168A8700FEEAA9 /* LaunchScreen.storyboard */; };
		744BE5A71D168B3500FEEAA9 /* CoreImage.framework in Frameworks */ = {isa = PBXBuildFile; fileRef = 744BE5A61D168B3500FEEAA9 /* CoreImage.framework */; };
		744BE5A91D168B4200FEEAA9 /* libstdc++.6.0.9.tbd in Frameworks */ = {isa = PBXBuildFile; fileRef = 744BE5A81D168B4200FEEAA9 /* libstdc++.6.0.9.tbd */; };
		744BE5AB1D168B6900FEEAA9 /* XMCCamera.swift in Sources */ = {isa = PBXBuildFile; fileRef = 744BE5AA1D168B6900FEEAA9 /* XMCCamera.swift */; };
		744BE5AF1D168F6500FEEAA9 /* Main.storyboard in Resources */ = {isa = PBXBuildFile; fileRef = 744BE5AE1D168F6500FEEAA9 /* Main.storyboard */; };
		744BE5B11D168F6E00FEEAA9 /* XMCCameraViewController.swift in Sources */ = {isa = PBXBuildFile; fileRef = 744BE5B01D168F6E00FEEAA9 /* XMCCameraViewController.swift */; };
		744BE5B31D16913100FEEAA9 /* opencv2.framework in Frameworks */ = {isa = PBXBuildFile; fileRef = 744BE5B21D16913100FEEAA9 /* opencv2.framework */; };
		744BE5B81D16914B00FEEAA9 /* CVWrapper.mm in Sources */ = {isa = PBXBuildFile; fileRef = 744BE5B41D16914B00FEEAA9 /* CVWrapper.mm */; };
		744BE5B91D16914B00FEEAA9 /* Detector.cpp in Sources */ = {isa = PBXBuildFile; fileRef = 744BE5B71D16914B00FEEAA9 /* Detector.cpp */; };
		744BE5CC1D16980300FEEAA9 /* UIImage+OpenCV.mm in Sources */ = {isa = PBXBuildFile; fileRef = 744BE5CB1D16980300FEEAA9 /* UIImage+OpenCV.mm */; };
		744BE5D21D169C0100FEEAA9 /* test.png in Resources */ = {isa = PBXBuildFile; fileRef = 744BE5D11D169C0100FEEAA9 /* test.png */; };
		744BE5D61D16A0F300FEEAA9 /* IMG_0008.JPG in Resources */ = {isa = PBXBuildFile; fileRef = 744BE5D51D16A0F300FEEAA9 /* IMG_0008.JPG */; };
		744BE5D81D16A28100FEEAA9 /* test.JPG in Resources */ = {isa = PBXBuildFile; fileRef = 744BE5D71D16A28100FEEAA9 /* test.JPG */; };
		744BE5DA1D16A45600FEEAA9 /* one.jpg in Resources */ = {isa = PBXBuildFile; fileRef = 744BE5D91D16A45600FEEAA9 /* one.jpg */; };
		749E2BB31D26BD8000E1D547 /* background.png in Resources */ = {isa = PBXBuildFile; fileRef = 749E2BB21D26BD8000E1D547 /* background.png */; };
		74DDED241D2B910200609F9D /* camera-512.png in Resources */ = {isa = PBXBuildFile; fileRef = 74DDED231D2B910200609F9D /* camera-512.png */; };
		74DDED261D2B916D00609F9D /* NewRecordViewController.swift in Sources */ = {isa = PBXBuildFile; fileRef = 74DDED251D2B916D00609F9D /* NewRecordViewController.swift */; };
		74E0CAF41D275E0300C7781E /* 1258.png in Resources */ = {isa = PBXBuildFile; fileRef = 74E0CAF31D275E0300C7781E /* 1258.png */; };
		74E0CAF61D27665500C7781E /* 5624.png in Resources */ = {isa = PBXBuildFile; fileRef = 74E0CAF51D27665500C7781E /* 5624.png */; };
		74E0CAFA1D276C6B00C7781E /* 2558.png in Resources */ = {isa = PBXBuildFile; fileRef = 74E0CAF91D276C6B00C7781E /* 2558.png */; };
		74E0CAFC1D276FF100C7781E /* 6324.png in Resources */ = {isa = PBXBuildFile; fileRef = 74E0CAFB1D276FF100C7781E /* 6324.png */; };
		74E0CAFE1D2773A500C7781E /* 4350.png in Resources */ = {isa = PBXBuildFile; fileRef = 74E0CAFD1D2773A500C7781E /* 4350.png */; };
		74E0CB001D2780CC00C7781E /* 1950.png in Resources */ = {isa = PBXBuildFile; fileRef = 74E0CAFF1D2780CC00C7781E /* 1950.png */; };
		74E0CB021D27837B00C7781E /* 1600.png in Resources */ = {isa = PBXBuildFile; fileRef = 74E0CB011D27837B00C7781E /* 1600.png */; };
		74E0CB041D2783AB00C7781E /* 1710.png in Resources */ = {isa = PBXBuildFile; fileRef = 74E0CB031D2783AB00C7781E /* 1710.png */; };
		74E0CB061D2783EC00C7781E /* 6190.png in Resources */ = {isa = PBXBuildFile; fileRef = 74E0CB051D2783EB00C7781E /* 6190.png */; };
		74E0CB081D27842800C7781E /* 6390.png in Resources */ = {isa = PBXBuildFile; fileRef = 74E0CB071D27842800C7781E /* 6390.png */; };
		74E0CB0C1D2787D500C7781E /* 542.png in Resources */ = {isa = PBXBuildFile; fileRef = 74E0CB091D2787D400C7781E /* 542.png */; };
		74E0CB0D1D2787D500C7781E /* 638.png in Resources */ = {isa = PBXBuildFile; fileRef = 74E0CB0A1D2787D500C7781E /* 638.png */; };
		74E0CB0E1D2787D500C7781E /* 666.png in Resources */ = {isa = PBXBuildFile; fileRef = 74E0CB0B1D2787D500C7781E /* 666.png */; };
		74E0CB101D2787DC00C7781E /* 1762.png in Resources */ = {isa = PBXBuildFile; fileRef = 74E0CB0F1D2787DC00C7781E /* 1762.png */; };
		74E0CB121D2787E600C7781E /* 2548.png in Resources */ = {isa = PBXBuildFile; fileRef = 74E0CB111D2787E600C7781E /* 2548.png */; };
		74E0CB141D2787F100C7781E /* 2550.png in Resources */ = {isa = PBXBuildFile; fileRef = 74E0CB131D2787F100C7781E /* 2550.png */; };
		74E0CB161D2787F800C7781E /* 4178.png in Resources */ = {isa = PBXBuildFile; fileRef = 74E0CB151D2787F800C7781E /* 4178.png */; };
		74E0CB181D27880400C7781E /* 6138.png in Resources */ = {isa = PBXBuildFile; fileRef = 74E0CB171D27880400C7781E /* 6138.png */; };
		74E0CB1C1D27881100C7781E /* 6222.png in Resources */ = {isa = PBXBuildFile; fileRef = 74E0CB191D27881100C7781E /* 6222.png */; };
		74E0CB1D1D27881100C7781E /* 6278.png in Resources */ = {isa = PBXBuildFile; fileRef = 74E0CB1A1D27881100C7781E /* 6278.png */; };
		74E0CB1E1D27881100C7781E /* 6290.png in Resources */ = {isa = PBXBuildFile; fileRef = 74E0CB1B1D27881100C7781E /* 6290.png */; };
		74E0CB201D27881A00C7781E /* 6396.png in Resources */ = {isa = PBXBuildFile; fileRef = 74E0CB1F1D27881A00C7781E /* 6396.png */; };
/* End PBXBuildFile section */

/* Begin PBXFileReference section */
		744BE5911D168A8700FEEAA9 /* BIOSDetector.app */ = {isa = PBXFileReference; explicitFileType = wrapper.application; includeInIndex = 0; path = BIOSDetector.app; sourceTree = BUILT_PRODUCTS_DIR; };
		744BE5941D168A8700FEEAA9 /* AppDelegate.swift */ = {isa = PBXFileReference; lastKnownFileType = sourcecode.swift; path = AppDelegate.swift; sourceTree = "<group>"; };
		744BE59B1D168A8700FEEAA9 /* Assets.xcassets */ = {isa = PBXFileReference; lastKnownFileType = folder.assetcatalog; path = Assets.xcassets; sourceTree = "<group>"; };
		744BE59E1D168A8700FEEAA9 /* Base */ = {isa = PBXFileReference; lastKnownFileType = file.storyboard; name = Base; path = Base.lproj/LaunchScreen.storyboard; sourceTree = "<group>"; };
		744BE5A01D168A8700FEEAA9 /* Info.plist */ = {isa = PBXFileReference; lastKnownFileType = text.plist.xml; path = Info.plist; sourceTree = "<group>"; };
		744BE5A61D168B3500FEEAA9 /* CoreImage.framework */ = {isa = PBXFileReference; lastKnownFileType = wrapper.framework; name = CoreImage.framework; path = System/Library/Frameworks/CoreImage.framework; sourceTree = SDKROOT; };
		744BE5A81D168B4200FEEAA9 /* libstdc++.6.0.9.tbd */ = {isa = PBXFileReference; lastKnownFileType = "sourcecode.text-based-dylib-definition"; name = "libstdc++.6.0.9.tbd"; path = "usr/lib/libstdc++.6.0.9.tbd"; sourceTree = SDKROOT; };
		744BE5AA1D168B6900FEEAA9 /* XMCCamera.swift */ = {isa = PBXFileReference; fileEncoding = 4; lastKnownFileType = sourcecode.swift; path = XMCCamera.swift; sourceTree = "<group>"; };
		744BE5AE1D168F6500FEEAA9 /* Main.storyboard */ = {isa = PBXFileReference; fileEncoding = 4; lastKnownFileType = file.storyboard; path = Main.storyboard; sourceTree = "<group>"; };
		744BE5B01D168F6E00FEEAA9 /* XMCCameraViewController.swift */ = {isa = PBXFileReference; fileEncoding = 4; lastKnownFileType = sourcecode.swift; path = XMCCameraViewController.swift; sourceTree = "<group>"; };
		744BE5B21D16913100FEEAA9 /* opencv2.framework */ = {isa = PBXFileReference; lastKnownFileType = wrapper.framework; path = opencv2.framework; sourceTree = "<group>"; };
		744BE5B41D16914B00FEEAA9 /* CVWrapper.mm */ = {isa = PBXFileReference; fileEncoding = 4; lastKnownFileType = sourcecode.cpp.objcpp; path = CVWrapper.mm; sourceTree = "<group>"; };
		744BE5B51D16914B00FEEAA9 /* CVWrapper.h */ = {isa = PBXFileReference; fileEncoding = 4; lastKnownFileType = sourcecode.c.h; path = CVWrapper.h; sourceTree = "<group>"; };
		744BE5B61D16914B00FEEAA9 /* Detector.h */ = {isa = PBXFileReference; fileEncoding = 4; lastKnownFileType = sourcecode.c.h; path = Detector.h; sourceTree = "<group>"; };
		744BE5B71D16914B00FEEAA9 /* Detector.cpp */ = {isa = PBXFileReference; fileEncoding = 4; lastKnownFileType = sourcecode.cpp.cpp; path = Detector.cpp; sourceTree = "<group>"; };
		744BE5CA1D16980300FEEAA9 /* UIImage+OpenCV.h */ = {isa = PBXFileReference; fileEncoding = 4; lastKnownFileType = sourcecode.c.h; path = "UIImage+OpenCV.h"; sourceTree = "<group>"; };
		744BE5CB1D16980300FEEAA9 /* UIImage+OpenCV.mm */ = {isa = PBXFileReference; fileEncoding = 4; lastKnownFileType = sourcecode.cpp.objcpp; path = "UIImage+OpenCV.mm"; sourceTree = "<group>"; };
		744BE5D11D169C0100FEEAA9 /* test.png */ = {isa = PBXFileReference; lastKnownFileType = image.png; path = test.png; sourceTree = "<group>"; };
		744BE5D51D16A0F300FEEAA9 /* IMG_0008.JPG */ = {isa = PBXFileReference; lastKnownFileType = image.jpeg; path = IMG_0008.JPG; sourceTree = "<group>"; };
		744BE5D71D16A28100FEEAA9 /* test.JPG */ = {isa = PBXFileReference; lastKnownFileType = image.jpeg; path = test.JPG; sourceTree = "<group>"; };
		744BE5D91D16A45600FEEAA9 /* one.jpg */ = {isa = PBXFileReference; lastKnownFileType = image.jpeg; path = one.jpg; sourceTree = "<group>"; };
		749E2BB21D26BD8000E1D547 /* background.png */ = {isa = PBXFileReference; lastKnownFileType = image.png; path = background.png; sourceTree = "<group>"; };
		74DDED231D2B910200609F9D /* camera-512.png */ = {isa = PBXFileReference; lastKnownFileType = image.png; path = "camera-512.png"; sourceTree = "<group>"; };
		74DDED251D2B916D00609F9D /* NewRecordViewController.swift */ = {isa = PBXFileReference; fileEncoding = 4; lastKnownFileType = sourcecode.swift; path = NewRecordViewController.swift; sourceTree = "<group>"; };
		74E0CAF31D275E0300C7781E /* 1258.png */ = {isa = PBXFileReference; lastKnownFileType = image.png; path = 1258.png; sourceTree = "<group>"; };
		74E0CAF51D27665500C7781E /* 5624.png */ = {isa = PBXFileReference; lastKnownFileType = image.png; path = 5624.png; sourceTree = "<group>"; };
		74E0CAF91D276C6B00C7781E /* 2558.png */ = {isa = PBXFileReference; lastKnownFileType = image.png; path = 2558.png; sourceTree = "<group>"; };
		74E0CAFB1D276FF100C7781E /* 6324.png */ = {isa = PBXFileReference; lastKnownFileType = image.png; path = 6324.png; sourceTree = "<group>"; };
		74E0CAFD1D2773A500C7781E /* 4350.png */ = {isa = PBXFileReference; lastKnownFileType = image.png; path = 4350.png; sourceTree = "<group>"; };
		74E0CAFF1D2780CC00C7781E /* 1950.png */ = {isa = PBXFileReference; lastKnownFileType = image.png; path = 1950.png; sourceTree = "<group>"; };
		74E0CB011D27837B00C7781E /* 1600.png */ = {isa = PBXFileReference; lastKnownFileType = image.png; path = 1600.png; sourceTree = "<group>"; };
		74E0CB031D2783AB00C7781E /* 1710.png */ = {isa = PBXFileReference; lastKnownFileType = image.png; path = 1710.png; sourceTree = "<group>"; };
		74E0CB051D2783EB00C7781E /* 6190.png */ = {isa = PBXFileReference; lastKnownFileType = image.png; path = 6190.png; sourceTree = "<group>"; };
		74E0CB071D27842800C7781E /* 6390.png */ = {isa = PBXFileReference; lastKnownFileType = image.png; path = 6390.png; sourceTree = "<group>"; };
		74E0CB091D2787D400C7781E /* 542.png */ = {isa = PBXFileReference; lastKnownFileType = image.png; path = 542.png; sourceTree = "<group>"; };
		74E0CB0A1D2787D500C7781E /* 638.png */ = {isa = PBXFileReference; lastKnownFileType = image.png; path = 638.png; sourceTree = "<group>"; };
		74E0CB0B1D2787D500C7781E /* 666.png */ = {isa = PBXFileReference; lastKnownFileType = image.png; path = 666.png; sourceTree = "<group>"; };
		74E0CB0F1D2787DC00C7781E /* 1762.png */ = {isa = PBXFileReference; lastKnownFileType = image.png; path = 1762.png; sourceTree = "<group>"; };
		74E0CB111D2787E600C7781E /* 2548.png */ = {isa = PBXFileReference; lastKnownFileType = image.png; path = 2548.png; sourceTree = "<group>"; };
		74E0CB131D2787F100C7781E /* 2550.png */ = {isa = PBXFileReference; lastKnownFileType = image.png; path = 2550.png; sourceTree = "<group>"; };
		74E0CB151D2787F800C7781E /* 4178.png */ = {isa = PBXFileReference; lastKnownFileType = image.png; path = 4178.png; sourceTree = "<group>"; };
		74E0CB171D27880400C7781E /* 6138.png */ = {isa = PBXFileReference; lastKnownFileType = image.png; path = 6138.png; sourceTree = "<group>"; };
		74E0CB191D27881100C7781E /* 6222.png */ = {isa = PBXFileReference; lastKnownFileType = image.png; path = 6222.png; sourceTree = "<group>"; };
		74E0CB1A1D27881100C7781E /* 6278.png */ = {isa = PBXFileReference; lastKnownFileType = image.png; path = 6278.png; sourceTree = "<group>"; };
		74E0CB1B1D27881100C7781E /* 6290.png */ = {isa = PBXFileReference; lastKnownFileType = image.png; path = 6290.png; sourceTree = "<group>"; };
		74E0CB1F1D27881A00C7781E /* 6396.png */ = {isa = PBXFileReference; lastKnownFileType = image.png; path = 6396.png; sourceTree = "<group>"; };
/* End PBXFileReference section */

/* Begin PBXFrameworksBuildPhase section */
		744BE58E1D168A8700FEEAA9 /* Frameworks */ = {
			isa = PBXFrameworksBuildPhase;
			buildActionMask = 2147483647;
			files = (
				744BE5B31D16913100FEEAA9 /* opencv2.framework in Frameworks */,
				744BE5A91D168B4200FEEAA9 /* libstdc++.6.0.9.tbd in Frameworks */,
				744BE5A71D168B3500FEEAA9 /* CoreImage.framework in Frameworks */,
			);
			runOnlyForDeploymentPostprocessing = 0;
		};
/* End PBXFrameworksBuildPhase section */

/* Begin PBXGroup section */
		744BE5881D168A8700FEEAA9 = {
			isa = PBXGroup;
			children = (
				744BE5A81D168B4200FEEAA9 /* libstdc++.6.0.9.tbd */,
				744BE5B21D16913100FEEAA9 /* opencv2.framework */,
				744BE5A61D168B3500FEEAA9 /* CoreImage.framework */,
				744BE5931D168A8700FEEAA9 /* BIOSDetector */,
				744BE5921D168A8700FEEAA9 /* Products */,
			);
			sourceTree = "<group>";
		};
		744BE5921D168A8700FEEAA9 /* Products */ = {
			isa = PBXGroup;
			children = (
				744BE5911D168A8700FEEAA9 /* BIOSDetector.app */,
			);
			name = Products;
			sourceTree = "<group>";
		};
		744BE5931D168A8700FEEAA9 /* BIOSDetector */ = {
			isa = PBXGroup;
			children = (
				744BE5CA1D16980300FEEAA9 /* UIImage+OpenCV.h */,
				744BE5CB1D16980300FEEAA9 /* UIImage+OpenCV.mm */,
				744BE5B41D16914B00FEEAA9 /* CVWrapper.mm */,
				744BE5B51D16914B00FEEAA9 /* CVWrapper.h */,
				744BE5B61D16914B00FEEAA9 /* Detector.h */,
				744BE5B71D16914B00FEEAA9 /* Detector.cpp */,
				744BE5AE1D168F6500FEEAA9 /* Main.storyboard */,
				74DDED251D2B916D00609F9D /* NewRecordViewController.swift */,
				744BE5941D168A8700FEEAA9 /* AppDelegate.swift */,
				744BE5AA1D168B6900FEEAA9 /* XMCCamera.swift */,
				744BE5B01D168F6E00FEEAA9 /* XMCCameraViewController.swift */,
				744BE59B1D168A8700FEEAA9 /* Assets.xcassets */,
				744BE59D1D168A8700FEEAA9 /* LaunchScreen.storyboard */,
				74DDED231D2B910200609F9D /* camera-512.png */,
				744BE5D91D16A45600FEEAA9 /* one.jpg */,
				744BE5A01D168A8700FEEAA9 /* Info.plist */,
				744BE5D11D169C0100FEEAA9 /* test.png */,
				744BE5D71D16A28100FEEAA9 /* test.JPG */,
				744BE5D51D16A0F300FEEAA9 /* IMG_0008.JPG */,
				749E2BB21D26BD8000E1D547 /* background.png */,
				74E0CB091D2787D400C7781E /* 542.png */,
				74E0CB0A1D2787D500C7781E /* 638.png */,
				74E0CB0B1D2787D500C7781E /* 666.png */,
				74E0CAF31D275E0300C7781E /* 1258.png */,
				74E0CB011D27837B00C7781E /* 1600.png */,
				74E0CB031D2783AB00C7781E /* 1710.png */,
				74E0CB0F1D2787DC00C7781E /* 1762.png */,
				74E0CAFF1D2780CC00C7781E /* 1950.png */,
				74E0CB111D2787E600C7781E /* 2548.png */,
				74E0CB131D2787F100C7781E /* 2550.png */,
				74E0CAF91D276C6B00C7781E /* 2558.png */,
				74E0CB151D2787F800C7781E /* 4178.png */,
				74E0CAFD1D2773A500C7781E /* 4350.png */,
				74E0CAF51D27665500C7781E /* 5624.png */,
				74E0CB171D27880400C7781E /* 6138.png */,
				74E0CB051D2783EB00C7781E /* 6190.png */,
				74E0CB191D27881100C7781E /* 6222.png */,
				74E0CB1A1D27881100C7781E /* 6278.png */,
				74E0CB1B1D27881100C7781E /* 6290.png */,
				74E0CAFB1D276FF100C7781E /* 6324.png */,
				74E0CB071D27842800C7781E /* 6390.png */,
				74E0CB1F1D27881A00C7781E /* 6396.png */,
			);
			path = BIOSDetector;
			sourceTree = "<group>";
		};
/* End PBXGroup section */

/* Begin PBXNativeTarget section */
		744BE5901D168A8700FEEAA9 /* BIOSDetector */ = {
			isa = PBXNativeTarget;
			buildConfigurationList = 744BE5A31D168A8700FEEAA9 /* Build configuration list for PBXNativeTarget "BIOSDetector" */;
			buildPhases = (
				744BE58D1D168A8700FEEAA9 /* Sources */,
				744BE58E1D168A8700FEEAA9 /* Frameworks */,
				744BE58F1D168A8700FEEAA9 /* Resources */,
			);
			buildRules = (
			);
			dependencies = (
			);
			name = BIOSDetector;
			productName = BIOSDetector;
			productReference = 744BE5911D168A8700FEEAA9 /* BIOSDetector.app */;
			productType = "com.apple.product-type.application";
		};
/* End PBXNativeTarget section */

/* Begin PBXProject section */
		744BE5891D168A8700FEEAA9 /* Project object */ = {
			isa = PBXProject;
			attributes = {
				LastSwiftUpdateCheck = 0730;
				LastUpgradeCheck = 0730;
				ORGANIZATIONNAME = "Dinh Quang Hieu";
				TargetAttributes = {
					744BE5901D168A8700FEEAA9 = {
						CreatedOnToolsVersion = 7.3;
						DevelopmentTeam = BH46VD9229;
					};
				};
			};
			buildConfigurationList = 744BE58C1D168A8700FEEAA9 /* Build configuration list for PBXProject "BIOSDetector" */;
			compatibilityVersion = "Xcode 3.2";
			developmentRegion = English;
			hasScannedForEncodings = 0;
			knownRegions = (
				en,
				Base,
			);
			mainGroup = 744BE5881D168A8700FEEAA9;
			productRefGroup = 744BE5921D168A8700FEEAA9 /* Products */;
			projectDirPath = "";
			projectRoot = "";
			targets = (
				744BE5901D168A8700FEEAA9 /* BIOSDetector */,
			);
		};
/* End PBXProject section */

/* Begin PBXResourcesBuildPhase section */
		744BE58F1D168A8700FEEAA9 /* Resources */ = {
			isa = PBXResourcesBuildPhase;
			buildActionMask = 2147483647;
			files = (
				74E0CB1C1D27881100C7781E /* 6222.png in Resources */,
				74E0CB0E1D2787D500C7781E /* 666.png in Resources */,
				74E0CAF41D275E0300C7781E /* 1258.png in Resources */,
				744BE5AF1D168F6500FEEAA9 /* Main.storyboard in Resources */,
				74E0CB181D27880400C7781E /* 6138.png in Resources */,
				74E0CB001D2780CC00C7781E /* 1950.png in Resources */,
				74E0CAF61D27665500C7781E /* 5624.png in Resources */,
				74E0CB041D2783AB00C7781E /* 1710.png in Resources */,
				74E0CAFA1D276C6B00C7781E /* 2558.png in Resources */,
				74E0CB1E1D27881100C7781E /* 6290.png in Resources */,
				74E0CB121D2787E600C7781E /* 2548.png in Resources */,
				749E2BB31D26BD8000E1D547 /* background.png in Resources */,
				74E0CB0D1D2787D500C7781E /* 638.png in Resources */,
				744BE59F1D168A8700FEEAA9 /* LaunchScreen.storyboard in Resources */,
				74E0CAFC1D276FF100C7781E /* 6324.png in Resources */,
				74E0CB161D2787F800C7781E /* 4178.png in Resources */,
				74E0CB101D2787DC00C7781E /* 1762.png in Resources */,
				74E0CB081D27842800C7781E /* 6390.png in Resources */,
				74E0CAFE1D2773A500C7781E /* 4350.png in Resources */,
				74E0CB141D2787F100C7781E /* 2550.png in Resources */,
				744BE59C1D168A8700FEEAA9 /* Assets.xcassets in Resources */,
				744BE5D81D16A28100FEEAA9 /* test.JPG in Resources */,
				744BE5D61D16A0F300FEEAA9 /* IMG_0008.JPG in Resources */,
				74E0CB021D27837B00C7781E /* 1600.png in Resources */,
				74E0CB061D2783EC00C7781E /* 6190.png in Resources */,
				744BE5DA1D16A45600FEEAA9 /* one.jpg in Resources */,
				74E0CB0C1D2787D500C7781E /* 542.png in Resources */,
				74E0CB201D27881A00C7781E /* 6396.png in Resources */,
				74E0CB1D1D27881100C7781E /* 6278.png in Resources */,
				744BE5D21D169C0100FEEAA9 /* test.png in Resources */,
				74DDED241D2B910200609F9D /* camera-512.png in Resources */,
			);
			runOnlyForDeploymentPostprocessing = 0;
		};
/* End PBXResourcesBuildPhase section */

/* Begin PBXSourcesBuildPhase section */
		744BE58D1D168A8700FEEAA9 /* Sources */ = {
			isa = PBXSourcesBuildPhase;
			buildActionMask = 2147483647;
			files = (
				744BE5B91D16914B00FEEAA9 /* Detector.cpp in Sources */,
				744BE5AB1D168B6900FEEAA9 /* XMCCamera.swift in Sources */,
				744BE5951D168A8700FEEAA9 /* AppDelegate.swift in Sources */,
				744BE5B81D16914B00FEEAA9 /* CVWrapper.mm in Sources */,
				744BE5CC1D16980300FEEAA9 /* UIImage+OpenCV.mm in Sources */,
				744BE5B11D168F6E00FEEAA9 /* XMCCameraViewController.swift in Sources */,
				74DDED261D2B916D00609F9D /* NewRecordViewController.swift in Sources */,
			);
			runOnlyForDeploymentPostprocessing = 0;
		};
/* End PBXSourcesBuildPhase section */

/* Begin PBXVariantGroup section */
		744BE59D1D168A8700FEEAA9 /* LaunchScreen.storyboard */ = {
			isa = PBXVariantGroup;
			children = (
				744BE59E1D168A8700FEEAA9 /* Base */,
			);
			name = LaunchScreen.storyboard;
			sourceTree = "<group>";
		};
/* End PBXVariantGroup section */

/* Begin XCBuildConfiguration section */
		744BE5A11D168A8700FEEAA9 /* Debug */ = {
			isa = XCBuildConfiguration;
			buildSettings = {
				ALWAYS_SEARCH_USER_PATHS = NO;
				CLANG_ANALYZER_NONNULL = YES;
				CLANG_CXX_LANGUAGE_STANDARD = "gnu++0x";
				CLANG_CXX_LIBRARY = "libc++";
				CLANG_ENABLE_MODULES = YES;
				CLANG_ENABLE_OBJC_ARC = YES;
				CLANG_WARN_BOOL_CONVERSION = YES;
				CLANG_WARN_CONSTANT_CONVERSION = YES;
				CLANG_WARN_DIRECT_OBJC_ISA_USAGE = YES_ERROR;
				CLANG_WARN_EMPTY_BODY = YES;
				CLANG_WARN_ENUM_CONVERSION = YES;
				CLANG_WARN_INT_CONVERSION = YES;
				CLANG_WARN_OBJC_ROOT_CLASS = YES_ERROR;
				CLANG_WARN_UNREACHABLE_CODE = YES;
				CLANG_WARN__DUPLICATE_METHOD_MATCH = YES;
				"CODE_SIGN_IDENTITY[sdk=iphoneos*]" = "iPhone Developer";
				COPY_PHASE_STRIP = NO;
				DEBUG_INFORMATION_FORMAT = dwarf;
				ENABLE_STRICT_OBJC_MSGSEND = YES;
				ENABLE_TESTABILITY = YES;
				GCC_C_LANGUAGE_STANDARD = gnu99;
				GCC_DYNAMIC_NO_PIC = NO;
				GCC_NO_COMMON_BLOCKS = YES;
				GCC_OPTIMIZATION_LEVEL = 0;
				GCC_PREPROCESSOR_DEFINITIONS = (
					"DEBUG=1",
					"$(inherited)",
				);
				GCC_WARN_64_TO_32_BIT_CONVERSION = YES;
				GCC_WARN_ABOUT_RETURN_TYPE = YES_ERROR;
				GCC_WARN_UNDECLARED_SELECTOR = YES;
				GCC_WARN_UNINITIALIZED_AUTOS = YES_AGGRESSIVE;
				GCC_WARN_UNUSED_FUNCTION = YES;
				GCC_WARN_UNUSED_VARIABLE = YES;
				IPHONEOS_DEPLOYMENT_TARGET = 9.3;
				MTL_ENABLE_DEBUG_INFO = YES;
				ONLY_ACTIVE_ARCH = YES;
				SDKROOT = iphoneos;
				SWIFT_OPTIMIZATION_LEVEL = "-Onone";
			};
			name = Debug;
		};
		744BE5A21D168A8700FEEAA9 /* Release */ = {
			isa = XCBuildConfiguration;
			buildSettings = {
				ALWAYS_SEARCH_USER_PATHS = NO;
				CLANG_ANALYZER_NONNULL = YES;
				CLANG_CXX_LANGUAGE_STANDARD = "gnu++0x";
				CLANG_CXX_LIBRARY = "libc++";
				CLANG_ENABLE_MODULES = YES;
				CLANG_ENABLE_OBJC_ARC = YES;
				CLANG_WARN_BOOL_CONVERSION = YES;
				CLANG_WARN_CONSTANT_CONVERSION = YES;
				CLANG_WARN_DIRECT_OBJC_ISA_USAGE = YES_ERROR;
				CLANG_WARN_EMPTY_BODY = YES;
				CLANG_WARN_ENUM_CONVERSION = YES;
				CLANG_WARN_INT_CONVERSION = YES;
				CLANG_WARN_OBJC_ROOT_CLASS = YES_ERROR;
				CLANG_WARN_UNREACHABLE_CODE = YES;
				CLANG_WARN__DUPLICATE_METHOD_MATCH = YES;
				"CODE_SIGN_IDENTITY[sdk=iphoneos*]" = "iPhone Developer";
				COPY_PHASE_STRIP = NO;
				DEBUG_INFORMATION_FORMAT = "dwarf-with-dsym";
				ENABLE_NS_ASSERTIONS = NO;
				ENABLE_STRICT_OBJC_MSGSEND = YES;
				GCC_C_LANGUAGE_STANDARD = gnu99;
				GCC_NO_COMMON_BLOCKS = YES;
				GCC_WARN_64_TO_32_BIT_CONVERSION = YES;
				GCC_WARN_ABOUT_RETURN_TYPE = YES_ERROR;
				GCC_WARN_UNDECLARED_SELECTOR = YES;
				GCC_WARN_UNINITIALIZED_AUTOS = YES_AGGRESSIVE;
				GCC_WARN_UNUSED_FUNCTION = YES;
				GCC_WARN_UNUSED_VARIABLE = YES;
				IPHONEOS_DEPLOYMENT_TARGET = 9.3;
				MTL_ENABLE_DEBUG_INFO = NO;
				SDKROOT = iphoneos;
				VALIDATE_PRODUCT = YES;
			};
			name = Release;
		};
		744BE5A41D168A8700FEEAA9 /* Debug */ = {
			isa = XCBuildConfiguration;
			buildSettings = {
				ASSETCATALOG_COMPILER_APPICON_NAME = AppIcon;
				CODE_SIGN_IDENTITY = "iPhone Developer";
				"CODE_SIGN_IDENTITY[sdk=iphoneos*]" = "iPhone Developer";
				ENABLE_BITCODE = NO;
				FRAMEWORK_SEARCH_PATHS = (
					"$(inherited)",
					"$(PROJECT_DIR)",
				);
				INFOPLIST_FILE = BIOSDetector/Info.plist;
				LD_RUNPATH_SEARCH_PATHS = "$(inherited) @executable_path/Frameworks";
				PRODUCT_BUNDLE_IDENTIFIER = com.dqhieu.BIOSDetector;
				PRODUCT_NAME = "$(TARGET_NAME)";
				PROVISIONING_PROFILE = "";
				SWIFT_OBJC_BRIDGING_HEADER = "BIOSDetector-Bridging-Header.h";
			};
			name = Debug;
		};
		744BE5A51D168A8700FEEAA9 /* Release */ = {
			isa = XCBuildConfiguration;
			buildSettings = {
				ASSETCATALOG_COMPILER_APPICON_NAME = AppIcon;
				CODE_SIGN_IDENTITY = "iPhone Developer";
				"CODE_SIGN_IDENTITY[sdk=iphoneos*]" = "iPhone Developer";
				ENABLE_BITCODE = NO;
				FRAMEWORK_SEARCH_PATHS = (
					"$(inherited)",
					"$(PROJECT_DIR)",
				);
				INFOPLIST_FILE = BIOSDetector/Info.plist;
				LD_RUNPATH_SEARCH_PATHS = "$(inherited) @executable_path/Frameworks";
				PRODUCT_BUNDLE_IDENTIFIER = com.dqhieu.BIOSDetector;
				PRODUCT_NAME = "$(TARGET_NAME)";
				PROVISIONING_PROFILE = "";
				SWIFT_OBJC_BRIDGING_HEADER = "BIOSDetector-Bridging-Header.h";
			};
			name = Release;
		};
/* End XCBuildConfiguration section */

/* Begin XCConfigurationList section */
		744BE58C1D168A8700FEEAA9 /* Build configuration list for PBXProject "BIOSDetector" */ = {
			isa = XCConfigurationList;
			buildConfigurations = (
				744BE5A11D168A8700FEEAA9 /* Debug */,
				744BE5A21D168A8700FEEAA9 /* Release */,
			);
			defaultConfigurationIsVisible = 0;
			defaultConfigurationName = Release;
		};
		744BE5A31D168A8700FEEAA9 /* Build configuration list for PBXNativeTarget "BIOSDetector" */ = {
			isa = XCConfigurationList;
			buildConfigurations = (
				744BE5A41D168A8700FEEAA9 /* Debug */,
				744BE5A51D168A8700FEEAA9 /* Release */,
			);
			defaultConfigurationIsVisible = 0;
			defaultConfigurationName = Release;
		};
/* End XCConfigurationList section */
	};
	rootObject = 744BE5891D168A8700FEEAA9 /* Project object */;
}
